
Microsoft Visual Studio Solution File, Format Version 12.00
# Visual Studio 15
VisualStudioVersion = 15.0.28307.705
MinimumVisualStudioVersion = 10.0.40219.1
Project("{FAE04EC0-301F-11D3-BF4B-00C04F79EFBC}") = "View", "View\View.csproj", "{35F3B9A0-9D8D-40F6-A7A1-E1DB449D2C50}"
EndProject
Project("{FAE04EC0-301F-11D3-BF4B-00C04F79EFBC}") = "Repository", "Repository\Repository.csproj", "{8D7665B9-C9B9-4B1A-8D9D-D21CD28CAE0B}"
EndProject
Project("{FAE04EC0-301F-11D3-BF4B-00C04F79EFBC}") = "Model", "Model\Model.csproj", "{66612356-D563-4F91-ABEB-D94717ECD79B}"
EndProject
Global
	GlobalSection(SolutionConfigurationPlatforms) = preSolution
		Debug|Any CPU = Debug|Any CPU
		Release|Any CPU = Release|Any CPU
	EndGlobalSection
	GlobalSection(ProjectConfigurationPlatforms) = postSolution
		{35F3B9A0-9D8D-40F6-A7A1-E1DB449D2C50}.Debug|Any CPU.ActiveCfg = Debug|Any CPU
		{35F3B9A0-9D8D-40F6-A7A1-E1DB449D2C50}.Debug|Any CPU.Build.0 = Debug|Any CPU
		{35F3B9A0-9D8D-40F6-A7A1-E1DB449D2C50}.Release|Any CPU.ActiveCfg = Release|Any CPU
		{35F3B9A0-9D8D-40F6-A7A1-E1DB449D2C50}.Release|Any CPU.Build.0 = Release|Any CPU
		{8D7665B9-C9B9-4B1A-8D9D-D21CD28CAE0B}.Debug|Any CPU.ActiveCfg = Debug|Any CPU
		{8D7665B9-C9B9-4B1A-8D9D-D21CD28CAE0B}.Debug|Any CPU.Build.0 = Debug|Any CPU
		{8D7665B9-C9B9-4B1A-8D9D-D21CD28CAE0B}.Release|Any CPU.ActiveCfg = Release|Any CPU
		{8D7665B9-C9B9-4B1A-8D9D-D21CD28CAE0B}.Release|Any CPU.Build.0 = Release|Any CPU
		{66612356-D563-4F91-ABEB-D94717ECD79B}.Debug|Any CPU.ActiveCfg = Debug|Any CPU
		{66612356-D563-4F91-ABEB-D94717ECD79B}.Debug|Any CPU.Build.0 = Debug|Any CPU
		{66612356-D563-4F91-ABEB-D94717ECD79B}.Release|Any CPU.ActiveCfg = Release|Any CPU
		{66612356-D563-4F91-ABEB-D94717ECD79B}.Release|Any CPU.Build.0 = Release|Any CPU
	EndGlobalSection
	GlobalSection(SolutionProperties) = preSolution
		HideSolutionNode = FALSE
	EndGlobalSection
	GlobalSection(ExtensibilityGlobals) = postSolution
		SolutionGuid = {9FDE79C4-6CCC-47F1-BA11-6185935FEA7E}
	EndGlobalSection
EndGlobal
